
Microsoft Visual Studio Solution File, Format Version 12.00
# Visual Studio Version 17
VisualStudioVersion = 17.13.35825.156 d17.13
MinimumVisualStudioVersion = 10.0.40219.1
Project("{FAE04EC0-301F-11D3-BF4B-00C04F79EFBC}") = "fridgetracker", "fridgetracker\fridgetracker.csproj", "{0B74A586-2141-44AB-8DB9-F9B033B0BDB3}"
EndProject
Global
	GlobalSection(SolutionConfigurationPlatforms) = preSolution
		Debug|Any CPU = Debug|Any CPU
		Release|Any CPU = Release|Any CPU
	EndGlobalSection
	GlobalSection(ProjectConfigurationPlatforms) = postSolution
		{0B74A586-2141-44AB-8DB9-F9B033B0BDB3}.Debug|Any CPU.ActiveCfg = Debug|Any CPU
		{0B74A586-2141-44AB-8DB9-F9B033B0BDB3}.Debug|Any CPU.Build.0 = Debug|Any CPU
		{0B74A586-2141-44AB-8DB9-F9B033B0BDB3}.Release|Any CPU.ActiveCfg = Release|Any CPU
		{0B74A586-2141-44AB-8DB9-F9B033B0BDB3}.Release|Any CPU.Build.0 = Release|Any CPU
	EndGlobalSection
	GlobalSection(SolutionProperties) = preSolution
		HideSolutionNode = FALSE
	EndGlobalSection
	GlobalSection(ExtensibilityGlobals) = postSolution
		SolutionGuid = {0ACA9A39-71CE-45E5-9DF3-9C2E3C40C0E4}
	EndGlobalSection
EndGlobal
